
Microsoft Visual Studio Solution File, Format Version 12.00
# Visual Studio Version 17
VisualStudioVersion = 17.3.32825.248
MinimumVisualStudioVersion = 10.0.40219.1
Project("{8BC9CEB8-8B4A-11D0-8D11-00A0C91BC942}") = "stringsArray", "stringsArray\stringsArray.vcxproj", "{0762115C-896D-4385-BCED-111C0E281EB8}"
EndProject
Global
	GlobalSection(SolutionConfigurationPlatforms) = preSolution
		Debug|x64 = Debug|x64
		Debug|x86 = Debug|x86
		Release|x64 = Release|x64
		Release|x86 = Release|x86
	EndGlobalSection
	GlobalSection(ProjectConfigurationPlatforms) = postSolution
		{0762115C-896D-4385-BCED-111C0E281EB8}.Debug|x64.ActiveCfg = Debug|x64
		{0762115C-896D-4385-BCED-111C0E281EB8}.Debug|x64.Build.0 = Debug|x64
		{0762115C-896D-4385-BCED-111C0E281EB8}.Debug|x86.ActiveCfg = Debug|Win32
		{0762115C-896D-4385-BCED-111C0E281EB8}.Debug|x86.Build.0 = Debug|Win32
		{0762115C-896D-4385-BCED-111C0E281EB8}.Release|x64.ActiveCfg = Release|x64
		{0762115C-896D-4385-BCED-111C0E281EB8}.Release|x64.Build.0 = Release|x64
		{0762115C-896D-4385-BCED-111C0E281EB8}.Release|x86.ActiveCfg = Release|Win32
		{0762115C-896D-4385-BCED-111C0E281EB8}.Release|x86.Build.0 = Release|Win32
	EndGlobalSection
	GlobalSection(SolutionProperties) = preSolution
		HideSolutionNode = FALSE
	EndGlobalSection
	GlobalSection(ExtensibilityGlobals) = postSolution
		SolutionGuid = {9401C18D-F6A8-4771-8966-3A0B4F3BD889}
	EndGlobalSection
EndGlobal
